
Microsoft Visual Studio Solution File, Format Version 12.00
# Visual Studio Version 17
VisualStudioVersion = 17.11.35222.181
MinimumVisualStudioVersion = 10.0.40219.1
Project("{FAE04EC0-301F-11D3-BF4B-00C04F79EFBC}") = "Calc", "Calc\Calc.csproj", "{A3913D3A-C932-4866-954E-61E42D6A9B26}"
EndProject
Global
	GlobalSection(SolutionConfigurationPlatforms) = preSolution
		Debug|Any CPU = Debug|Any CPU
		Release|Any CPU = Release|Any CPU
	EndGlobalSection
	GlobalSection(ProjectConfigurationPlatforms) = postSolution
		{A3913D3A-C932-4866-954E-61E42D6A9B26}.Debug|Any CPU.ActiveCfg = Debug|Any CPU
		{A3913D3A-C932-4866-954E-61E42D6A9B26}.Debug|Any CPU.Build.0 = Debug|Any CPU
		{A3913D3A-C932-4866-954E-61E42D6A9B26}.Debug|Any CPU.Deploy.0 = Debug|Any CPU
		{A3913D3A-C932-4866-954E-61E42D6A9B26}.Release|Any CPU.ActiveCfg = Release|Any CPU
		{A3913D3A-C932-4866-954E-61E42D6A9B26}.Release|Any CPU.Build.0 = Release|Any CPU
		{A3913D3A-C932-4866-954E-61E42D6A9B26}.Release|Any CPU.Deploy.0 = Release|Any CPU
	EndGlobalSection
	GlobalSection(SolutionProperties) = preSolution
		HideSolutionNode = FALSE
	EndGlobalSection
	GlobalSection(ExtensibilityGlobals) = postSolution
		SolutionGuid = {64893D42-4E6D-48EF-894A-E54801F75C37}
	EndGlobalSection
EndGlobal
